// !$*UTF8*$!
{
	archiveVersion = 1;
	classes = {
	};
	objectVersion = 46;
	objects = {

/* Begin PBXBuildFile section */
		EC7D2D4F15E73992008A7257 /* UIKit.framework in Frameworks */ = {isa = PBXBuildFile; fileRef = EC7D2D4E15E73992008A7257 /* UIKit.framework */; };
		EC7D2D5115E73992008A7257 /* Foundation.framework in Frameworks */ = {isa = PBXBuildFile; fileRef = EC7D2D5015E73992008A7257 /* Foundation.framework */; };
		EC7D2D5315E73992008A7257 /* CoreGraphics.framework in Frameworks */ = {isa = PBXBuildFile; fileRef = EC7D2D5215E73992008A7257 /* CoreGraphics.framework */; };
		EC7D2D5915E73992008A7257 /* InfoPlist.strings in Resources */ = {isa = PBXBuildFile; fileRef = EC7D2D5715E73992008A7257 /* InfoPlist.strings */; };
		EC7D2D5B15E73992008A7257 /* main.m in Sources */ = {isa = PBXBuildFile; fileRef = EC7D2D5A15E73992008A7257 /* main.m */; };
		EC7D2D5F15E73992008A7257 /* AppDelegate.m in Sources */ = {isa = PBXBuildFile; fileRef = EC7D2D5E15E73992008A7257 /* AppDelegate.m */; };
		EC7D2D6215E73992008A7257 /* MainStoryboard.storyboard in Resources */ = {isa = PBXBuildFile; fileRef = EC7D2D6015E73992008A7257 /* MainStoryboard.storyboard */; };
		EC7D2D6515E73992008A7257 /* ViewController.m in Sources */ = {isa = PBXBuildFile; fileRef = EC7D2D6415E73992008A7257 /* ViewController.m */; };
		EC7D2D6D15E73992008A7257 /* SenTestingKit.framework in Frameworks */ = {isa = PBXBuildFile; fileRef = EC7D2D6C15E73992008A7257 /* SenTestingKit.framework */; };
		EC7D2D6E15E73992008A7257 /* UIKit.framework in Frameworks */ = {isa = PBXBuildFile; fileRef = EC7D2D4E15E73992008A7257 /* UIKit.framework */; };
		EC7D2D6F15E73992008A7257 /* Foundation.framework in Frameworks */ = {isa = PBXBuildFile; fileRef = EC7D2D5015E73992008A7257 /* Foundation.framework */; };
		EC7D2D7715E73992008A7257 /* InfoPlist.strings in Resources */ = {isa = PBXBuildFile; fileRef = EC7D2D7515E73992008A7257 /* InfoPlist.strings */; };
		EC7D2D7A15E73993008A7257 /* uuuTests.m in Sources */ = {isa = PBXBuildFile; fileRef = EC7D2D7915E73993008A7257 /* uuuTests.m */; };
/* End PBXBuildFile section */

/* Begin PBXContainerItemProxy section */
		EC7D2D7015E73992008A7257 /* PBXContainerItemProxy */ = {
			isa = PBXContainerItemProxy;
			containerPortal = EC7D2D4115E73992008A7257 /* Project object */;
			proxyType = 1;
			remoteGlobalIDString = EC7D2D4915E73992008A7257;
			remoteInfo = uuu;
		};
/* End PBXContainerItemProxy section */

/* Begin PBXFileReference section */
		EC7D2D4A15E73992008A7257 /* uuu.app */ = {isa = PBXFileReference; explicitFileType = wrapper.application; includeInIndex = 0; path = uuu.app; sourceTree = BUILT_PRODUCTS_DIR; };
		EC7D2D4E15E73992008A7257 /* UIKit.framework */ = {isa = PBXFileReference; lastKnownFileType = wrapper.framework; name = UIKit.framework; path = System/Library/Frameworks/UIKit.framework; sourceTree = SDKROOT; };
		EC7D2D5015E73992008A7257 /* Foundation.framework */ = {isa = PBXFileReference; lastKnownFileType = wrapper.framework; name = Foundation.framework; path = System/Library/Frameworks/Foundation.framework; sourceTree = SDKROOT; };
		EC7D2D5215E73992008A7257 /* CoreGraphics.framework */ = {isa = PBXFileReference; lastKnownFileType = wrapper.framework; name = CoreGraphics.framework; path = System/Library/Frameworks/CoreGraphics.framework; sourceTree = SDKROOT; };
		EC7D2D5615E73992008A7257 /* uuu-Info.plist */ = {isa = PBXFileReference; path = "uuu-Info.plist"; sourceTree = "<group>"; };
		EC7D2D5815E73992008A7257 /* en */ = {isa = PBXFileReference; lastKnownFileType = text.plist.strings; name = en; path = en.lproj/InfoPlist.strings; sourceTree = "<group>"; };
		EC7D2D5A15E73992008A7257 /* main.m */ = {isa = PBXFileReference; lastKnownFileType = sourcecode.c.objc; path = main.m; sourceTree = "<group>"; };
		EC7D2D5C15E73992008A7257 /* uuu-Prefix.pch */ = {isa = PBXFileReference; path = "uuu-Prefix.pch"; sourceTree = "<group>"; };
		EC7D2D5D15E73992008A7257 /* AppDelegate.h */ = {isa = PBXFileReference; path = AppDelegate.h; sourceTree = "<group>"; };
		EC7D2D5E15E73992008A7257 /* AppDelegate.m */ = {isa = PBXFileReference; lastKnownFileType = sourcecode.c.objc; path = AppDelegate.m; sourceTree = "<group>"; };
		EC7D2D6115E73992008A7257 /* en */ = {isa = PBXFileReference; lastKnownFileType = file.storyboard; name = en; path = en.lproj/MainStoryboard.storyboard; sourceTree = "<group>"; };
		EC7D2D6315E73992008A7257 /* ViewController.h */ = {isa = PBXFileReference; path = ViewController.h; sourceTree = "<group>"; };
		EC7D2D6415E73992008A7257 /* ViewController.m */ = {isa = PBXFileReference; lastKnownFileType = sourcecode.c.objc; path = ViewController.m; sourceTree = "<group>"; };
		EC7D2D6B15E73992008A7257 /* uuuTests.octest */ = {isa = PBXFileReference; explicitFileType = wrapper.cfbundle; includeInIndex = 0; path = uuuTests.octest; sourceTree = BUILT_PRODUCTS_DIR; };
		EC7D2D6C15E73992008A7257 /* SenTestingKit.framework */ = {isa = PBXFileReference; lastKnownFileType = wrapper.framework; name = SenTestingKit.framework; path = Library/Frameworks/SenTestingKit.framework; sourceTree = DEVELOPER_DIR; };
		EC7D2D7415E73992008A7257 /* uuuTests-Info.plist */ = {isa = PBXFileReference; path = "uuuTests-Info.plist"; sourceTree = "<group>"; };
		EC7D2D7615E73992008A7257 /* en */ = {isa = PBXFileReference; lastKnownFileType = text.plist.strings; name = en; path = en.lproj/InfoPlist.strings; sourceTree = "<group>"; };
		EC7D2D7815E73993008A7257 /* uuuTests.h */ = {isa = PBXFileReference; path = uuuTests.h; sourceTree = "<group>"; };
		EC7D2D7915E73993008A7257 /* uuuTests.m */ = {isa = PBXFileReference; lastKnownFileType = sourcecode.c.objc; path = uuuTests.m; sourceTree = "<group>"; };
/* End PBXFileReference section */

/* Begin PBXFrameworksBuildPhase section */
		EC7D2D4715E73992008A7257 /* Frameworks */ = {
			isa = PBXFrameworksBuildPhase;
			buildActionMask = 2147483647;
			files = (
				EC7D2D4F15E73992008A7257 /* UIKit.framework in Frameworks */,
				EC7D2D5115E73992008A7257 /* Foundation.framework in Frameworks */,
				EC7D2D5315E73992008A7257 /* CoreGraphics.framework in Frameworks */,
			);
			runOnlyForDeploymentPostprocessing = 0;
		};
		EC7D2D6715E73992008A7257 /* Frameworks */ = {
			isa = PBXFrameworksBuildPhase;
			buildActionMask = 2147483647;
			files = (
				EC7D2D6D15E73992008A7257 /* SenTestingKit.framework in Frameworks */,
				EC7D2D6E15E73992008A7257 /* UIKit.framework in Frameworks */,
				EC7D2D6F15E73992008A7257 /* Foundation.framework in Frameworks */,
			);
			runOnlyForDeploymentPostprocessing = 0;
		};
/* End PBXFrameworksBuildPhase section */

/* Begin PBXGroup section */
		EC7D2D3F15E73992008A7257 = {
			isa = PBXGroup;
			children = (
				EC7D2D5415E73992008A7257 /* uuu */,
				EC7D2D7215E73992008A7257 /* uuuTests */,
				EC7D2D4D15E73992008A7257 /* Frameworks */,
				EC7D2D4B15E73992008A7257 /* Products */,
			);
			sourceTree = "<group>";
		};
		EC7D2D4B15E73992008A7257 /* Products */ = {
			isa = PBXGroup;
			children = (
				EC7D2D4A15E73992008A7257 /* uuu.app */,
				EC7D2D6B15E73992008A7257 /* uuuTests.octest */,
			);
			name = Products;
			sourceTree = "<group>";
		};
		EC7D2D4D15E73992008A7257 /* Frameworks */ = {
			isa = PBXGroup;
			children = (
				EC7D2D4E15E73992008A7257 /* UIKit.framework */,
				EC7D2D5015E73992008A7257 /* Foundation.framework */,
				EC7D2D5215E73992008A7257 /* CoreGraphics.framework */,
				EC7D2D6C15E73992008A7257 /* SenTestingKit.framework */,
			);
			name = Frameworks;
			sourceTree = "<group>";
		};
		EC7D2D5415E73992008A7257 /* uuu */ = {
			isa = PBXGroup;
			children = (
				EC7D2D5D15E73992008A7257 /* AppDelegate.h */,
				EC7D2D5E15E73992008A7257 /* AppDelegate.m */,
				EC7D2D6015E73992008A7257 /* MainStoryboard.storyboard */,
				EC7D2D6315E73992008A7257 /* ViewController.h */,
				EC7D2D6415E73992008A7257 /* ViewController.m */,
				EC7D2D5515E73992008A7257 /* Supporting Files */,
			);
			path = uuu;
			sourceTree = "<group>";
		};
		EC7D2D5515E73992008A7257 /* Supporting Files */ = {
			isa = PBXGroup;
			children = (
				EC7D2D5615E73992008A7257 /* uuu-Info.plist */,
				EC7D2D5715E73992008A7257 /* InfoPlist.strings */,
				EC7D2D5A15E73992008A7257 /* main.m */,
				EC7D2D5C15E73992008A7257 /* uuu-Prefix.pch */,
			);
			name = "Supporting Files";
			sourceTree = "<group>";
		};
		EC7D2D7215E73992008A7257 /* uuuTests */ = {
			isa = PBXGroup;
			children = (
				EC7D2D7815E73993008A7257 /* uuuTests.h */,
				EC7D2D7915E73993008A7257 /* uuuTests.m */,
				EC7D2D7315E73992008A7257 /* Supporting Files */,
			);
			path = uuuTests;
			sourceTree = "<group>";
		};
		EC7D2D7315E73992008A7257 /* Supporting Files */ = {
			isa = PBXGroup;
			children = (
				EC7D2D7415E73992008A7257 /* uuuTests-Info.plist */,
				EC7D2D7515E73992008A7257 /* InfoPlist.strings */,
			);
			name = "Supporting Files";
			sourceTree = "<group>";
		};
/* End PBXGroup section */

/* Begin PBXNativeTarget section */
		EC7D2D4915E73992008A7257 /* uuu */ = {
			isa = PBXNativeTarget;
			buildConfigurationList = EC7D2D7D15E73993008A7257 /* Build configuration list for PBXNativeTarget "uuu" */;
			buildPhases = (
				EC7D2D4615E73992008A7257 /* Sources */,
				EC7D2D4715E73992008A7257 /* Frameworks */,
				EC7D2D4815E73992008A7257 /* Resources */,
			);
			buildRules = (
			);
			dependencies = (
			);
			name = uuu;
			productName = uuu;
			productReference = EC7D2D4A15E73992008A7257 /* uuu.app */;
			productType = "com.apple.product-type.application";
		};
		EC7D2D6A15E73992008A7257 /* uuuTests */ = {
			isa = PBXNativeTarget;
			buildConfigurationList = EC7D2D8015E73993008A7257 /* Build configuration list for PBXNativeTarget "uuuTests" */;
			buildPhases = (
				EC7D2D6615E73992008A7257 /* Sources */,
				EC7D2D6715E73992008A7257 /* Frameworks */,
				EC7D2D6815E73992008A7257 /* Resources */,
				EC7D2D6915E73992008A7257 /* ShellScript */,
			);
			buildRules = (
			);
			dependencies = (
				EC7D2D7115E73992008A7257 /* PBXTargetDependency */,
			);
			name = uuuTests;
			productName = uuuTests;
			productReference = EC7D2D6B15E73992008A7257 /* uuuTests.octest */;
			productType = "com.apple.product-type.bundle";
		};
/* End PBXNativeTarget section */

/* Begin PBXProject section */
		EC7D2D4115E73992008A7257 /* Project object */ = {
			isa = PBXProject;
			attributes = {
				LastUpgradeCheck = 0430;
			};
			buildConfigurationList = EC7D2D4415E73992008A7257 /* Build configuration list for PBXProject "uuu" */;
			compatibilityVersion = "Xcode 3.2";
			developmentRegion = English;
			hasScannedForEncodings = 0;
			knownRegions = (
				en,
			);
			mainGroup = EC7D2D3F15E73992008A7257;
			productRefGroup = EC7D2D4B15E73992008A7257 /* Products */;
			projectDirPath = "";
			projectRoot = "";
			targets = (
				EC7D2D4915E73992008A7257 /* uuu */,
				EC7D2D6A15E73992008A7257 /* uuuTests */,
			);
		};
/* End PBXProject section */

/* Begin PBXResourcesBuildPhase section */
		EC7D2D4815E73992008A7257 /* Resources */ = {
			isa = PBXResourcesBuildPhase;
			buildActionMask = 2147483647;
			files = (
				EC7D2D5915E73992008A7257 /* InfoPlist.strings in Resources */,
				EC7D2D6215E73992008A7257 /* MainStoryboard.storyboard in Resources */,
			);
			runOnlyForDeploymentPostprocessing = 0;
		};
		EC7D2D6815E73992008A7257 /* Resources */ = {
			isa = PBXResourcesBuildPhase;
			buildActionMask = 2147483647;
			files = (
				EC7D2D7715E73992008A7257 /* InfoPlist.strings in Resources */,
			);
			runOnlyForDeploymentPostprocessing = 0;
		};
/* End PBXResourcesBuildPhase section */

/* Begin PBXShellScriptBuildPhase section */
		EC7D2D6915E73992008A7257 /* ShellScript */ = {
			isa = PBXShellScriptBuildPhase;
			buildActionMask = 2147483647;
			files = (
			);
			inputPaths = (
			);
			outputPaths = (
			);
			runOnlyForDeploymentPostprocessing = 0;
			shellPath = /bin/sh;
			shellScript = "# Run the unit tests in this test bundle.\n\"${SYSTEM_DEVELOPER_DIR}/Tools/RunUnitTests\"\n";
		};
/* End PBXShellScriptBuildPhase section */

/* Begin PBXSourcesBuildPhase section */
		EC7D2D4615E73992008A7257 /* Sources */ = {
			isa = PBXSourcesBuildPhase;
			buildActionMask = 2147483647;
			files = (
				EC7D2D5B15E73992008A7257 /* main.m in Sources */,
				EC7D2D5F15E73992008A7257 /* AppDelegate.m in Sources */,
				EC7D2D6515E73992008A7257 /* ViewController.m in Sources */,
			);
			runOnlyForDeploymentPostprocessing = 0;
		};
		EC7D2D6615E73992008A7257 /* Sources */ = {
			isa = PBXSourcesBuildPhase;
			buildActionMask = 2147483647;
			files = (
				EC7D2D7A15E73993008A7257 /* uuuTests.m in Sources */,
			);
			runOnlyForDeploymentPostprocessing = 0;
		};
/* End PBXSourcesBuildPhase section */

/* Begin PBXTargetDependency section */
		EC7D2D7115E73992008A7257 /* PBXTargetDependency */ = {
			isa = PBXTargetDependency;
			target = EC7D2D4915E73992008A7257 /* uuu */;
			targetProxy = EC7D2D7015E73992008A7257 /* PBXContainerItemProxy */;
		};
/* End PBXTargetDependency section */

/* Begin PBXVariantGroup section */
		EC7D2D5715E73992008A7257 /* InfoPlist.strings */ = {
			isa = PBXVariantGroup;
			children = (
				EC7D2D5815E73992008A7257 /* en */,
			);
			name = InfoPlist.strings;
			sourceTree = "<group>";
		};
		EC7D2D6015E73992008A7257 /* MainStoryboard.storyboard */ = {
			isa = PBXVariantGroup;
			children = (
				EC7D2D6115E73992008A7257 /* en */,
			);
			name = MainStoryboard.storyboard;
			sourceTree = "<group>";
		};
		EC7D2D7515E73992008A7257 /* InfoPlist.strings */ = {
			isa = PBXVariantGroup;
			children = (
				EC7D2D7615E73992008A7257 /* en */,
			);
			name = InfoPlist.strings;
			sourceTree = "<group>";
		};
/* End PBXVariantGroup section */

/* Begin XCBuildConfiguration section */
		EC7D2D7B15E73993008A7257 /* Debug */ = {
			isa = XCBuildConfiguration;
			buildSettings = {
				ALWAYS_SEARCH_USER_PATHS = NO;
				ARCHS = "$(ARCHS_STANDARD_32_BIT)";
				"CODE_SIGN_IDENTITY[sdk=iphoneos*]" = "iPhone Developer";
				COPY_PHASE_STRIP = NO;
				GCC_C_LANGUAGE_STANDARD = gnu99;
				GCC_DYNAMIC_NO_PIC = NO;
				GCC_OPTIMIZATION_LEVEL = 0;
				GCC_PREPROCESSOR_DEFINITIONS = (
					"DEBUG=1",
					"$(inherited)",
				);
				GCC_SYMBOLS_PRIVATE_EXTERN = NO;
				GCC_VERSION = com.apple.compilers.llvm.clang.1_0;
				GCC_WARN_ABOUT_RETURN_TYPE = YES;
				GCC_WARN_UNINITIALIZED_AUTOS = YES;
				GCC_WARN_UNUSED_VARIABLE = YES;
				IPHONEOS_DEPLOYMENT_TARGET = 5.1;
				SDKROOT = iphoneos;
			};
			name = Debug;
		};
		EC7D2D7C15E73993008A7257 /* Release */ = {
			isa = XCBuildConfiguration;
			buildSettings = {
				ALWAYS_SEARCH_USER_PATHS = NO;
				ARCHS = "$(ARCHS_STANDARD_32_BIT)";
				"CODE_SIGN_IDENTITY[sdk=iphoneos*]" = "iPhone Developer";
				COPY_PHASE_STRIP = YES;
				GCC_C_LANGUAGE_STANDARD = gnu99;
				GCC_VERSION = com.apple.compilers.llvm.clang.1_0;
				GCC_WARN_ABOUT_RETURN_TYPE = YES;
				GCC_WARN_UNINITIALIZED_AUTOS = YES;
				GCC_WARN_UNUSED_VARIABLE = YES;
				IPHONEOS_DEPLOYMENT_TARGET = 5.1;
				OTHER_CFLAGS = "-DNS_BLOCK_ASSERTIONS=1";
				SDKROOT = iphoneos;
				VALIDATE_PRODUCT = YES;
			};
			name = Release;
		};
		EC7D2D7E15E73993008A7257 /* Debug */ = {
			isa = XCBuildConfiguration;
			buildSettings = {
				GCC_PRECOMPILE_PREFIX_HEADER = YES;
				GCC_PREFIX_HEADER = "uuu/uuu-Prefix.pch";
				INFOPLIST_FILE = "uuu/uuu-Info.plist";
				PRODUCT_NAME = "$(TARGET_NAME)";
				WRAPPER_EXTENSION = app;
			};
			name = Debug;
		};
		EC7D2D7F15E73993008A7257 /* Release */ = {
			isa = XCBuildConfiguration;
			buildSettings = {
				GCC_PRECOMPILE_PREFIX_HEADER = YES;
				GCC_PREFIX_HEADER = "uuu/uuu-Prefix.pch";
				INFOPLIST_FILE = "uuu/uuu-Info.plist";
				PRODUCT_NAME = "$(TARGET_NAME)";
				WRAPPER_EXTENSION = app;
			};
			name = Release;
		};
		EC7D2D8115E73993008A7257 /* Debug */ = {
			isa = XCBuildConfiguration;
			buildSettings = {
				BUNDLE_LOADER = "$(BUILT_PRODUCTS_DIR)/uuu.app/uuu";
				FRAMEWORK_SEARCH_PATHS = (
					"$(SDKROOT)/Developer/Library/Frameworks",
					"$(DEVELOPER_LIBRARY_DIR)/Frameworks",
				);
				GCC_PRECOMPILE_PREFIX_HEADER = YES;
				GCC_PREFIX_HEADER = "uuu/uuu-Prefix.pch";
				INFOPLIST_FILE = "uuuTests/uuuTests-Info.plist";
				PRODUCT_NAME = "$(TARGET_NAME)";
				TEST_HOST = "$(BUNDLE_LOADER)";
				WRAPPER_EXTENSION = octest;
			};
			name = Debug;
		};
		EC7D2D8215E73993008A7257 /* Release */ = {
			isa = XCBuildConfiguration;
			buildSettings = {
				BUNDLE_LOADER = "$(BUILT_PRODUCTS_DIR)/uuu.app/uuu";
				FRAMEWORK_SEARCH_PATHS = (
					"$(SDKROOT)/Developer/Library/Frameworks",
					"$(DEVELOPER_LIBRARY_DIR)/Frameworks",
				);
				GCC_PRECOMPILE_PREFIX_HEADER = YES;
				GCC_PREFIX_HEADER = "uuu/uuu-Prefix.pch";
				INFOPLIST_FILE = "uuuTests/uuuTests-Info.plist";
				PRODUCT_NAME = "$(TARGET_NAME)";
				TEST_HOST = "$(BUNDLE_LOADER)";
				WRAPPER_EXTENSION = octest;
			};
			name = Release;
		};
/* End XCBuildConfiguration section */

/* Begin XCConfigurationList section */
		EC7D2D4415E73992008A7257 /* Build configuration list for PBXProject "uuu" */ = {
			isa = XCConfigurationList;
			buildConfigurations = (
				EC7D2D7B15E73993008A7257 /* Debug */,
				EC7D2D7C15E73993008A7257 /* Release */,
			);
			defaultConfigurationIsVisible = 0;
			defaultConfigurationName = Release;
		};
		EC7D2D7D15E73993008A7257 /* Build configuration list for PBXNativeTarget "uuu" */ = {
			isa = XCConfigurationList;
			buildConfigurations = (
				EC7D2D7E15E73993008A7257 /* Debug */,
				EC7D2D7F15E73993008A7257 /* Release */,
			);
			defaultConfigurationIsVisible = 0;
		};
		EC7D2D8015E73993008A7257 /* Build configuration list for PBXNativeTarget "uuuTests" */ = {
			isa = XCConfigurationList;
			buildConfigurations = (
				EC7D2D8115E73993008A7257 /* Debug */,
				EC7D2D8215E73993008A7257 /* Release */,
			);
			defaultConfigurationIsVisible = 0;
		};
/* End XCConfigurationList section */
	};
	rootObject = EC7D2D4115E73992008A7257 /* Project object */;
}
